
Microsoft Visual Studio Solution File, Format Version 12.00
# Visual Studio 15
VisualStudioVersion = 15.0.27004.2009
MinimumVisualStudioVersion = 10.0.40219.1
Project("{FAE04EC0-301F-11D3-BF4B-00C04F79EFBC}") = "Legends", "Legends\Legends.csproj", "{08C77ABF-5998-4DD1-A21F-F68FC58FD7F8}"
EndProject
Project("{FAE04EC0-301F-11D3-BF4B-00C04F79EFBC}") = "Legends.Core", "Legends.Core\Legends.Core.csproj", "{9075FF6E-824E-4468-851E-83D1354A7BCE}"
EndProject
Project("{FAE04EC0-301F-11D3-BF4B-00C04F79EFBC}") = "ENetCS", "ENetCS\ENetCS.csproj", "{D3AFF7FA-96F6-42B8-B03C-E508DC80EC3A}"
EndProject
Project("{FAE04EC0-301F-11D3-BF4B-00C04F79EFBC}") = "Legends.DatabaseSynchronizer", "Legends.DatabaseSynchronizer\Legends.DatabaseSynchronizer.csproj", "{15DE79E5-6E1F-4810-A112-13774C7F4B41}"
EndProject
Project("{FAE04EC0-301F-11D3-BF4B-00C04F79EFBC}") = "Fantome.Libraries.League", "Fantome.League\Fantome.Libraries.League.csproj", "{80F5DF93-19A2-4731-8CD1-982F165D7361}"
EndProject
Project("{FAE04EC0-301F-11D3-BF4B-00C04F79EFBC}") = "Legends.Dev", "Legends.Dev\Legends.Dev.csproj", "{699816A7-6668-46BF-97F4-0D7374025180}"
EndProject
Project("{FAE04EC0-301F-11D3-BF4B-00C04F79EFBC}") = "SmartORM", "SmartORM\SmartORM.csproj", "{0DC448D5-19C9-48DF-AF74-F2349D08AB22}"
EndProject
Project("{FAE04EC0-301F-11D3-BF4B-00C04F79EFBC}") = "SmartORM.TableViewer", "SmartORM.TableViewer\SmartORM.TableViewer.csproj", "{C71AC29C-1645-4A21-A4D2-FC9E10544485}"
EndProject
Project("{FAE04EC0-301F-11D3-BF4B-00C04F79EFBC}") = "Legends.Protocol", "Legends.Protocol\Legends.Protocol.csproj", "{6AD17CF4-EC08-4EE6-98CC-2818FD9B10A2}"
EndProject
Global
	GlobalSection(SolutionConfigurationPlatforms) = preSolution
		Debug|Any CPU = Debug|Any CPU
		Release|Any CPU = Release|Any CPU
	EndGlobalSection
	GlobalSection(ProjectConfigurationPlatforms) = postSolution
		{08C77ABF-5998-4DD1-A21F-F68FC58FD7F8}.Debug|Any CPU.ActiveCfg = Debug|Any CPU
		{08C77ABF-5998-4DD1-A21F-F68FC58FD7F8}.Debug|Any CPU.Build.0 = Debug|Any CPU
		{08C77ABF-5998-4DD1-A21F-F68FC58FD7F8}.Release|Any CPU.ActiveCfg = Release|Any CPU
		{08C77ABF-5998-4DD1-A21F-F68FC58FD7F8}.Release|Any CPU.Build.0 = Release|Any CPU
		{9075FF6E-824E-4468-851E-83D1354A7BCE}.Debug|Any CPU.ActiveCfg = Debug|Any CPU
		{9075FF6E-824E-4468-851E-83D1354A7BCE}.Debug|Any CPU.Build.0 = Debug|Any CPU
		{9075FF6E-824E-4468-851E-83D1354A7BCE}.Release|Any CPU.ActiveCfg = Release|Any CPU
		{9075FF6E-824E-4468-851E-83D1354A7BCE}.Release|Any CPU.Build.0 = Release|Any CPU
		{D3AFF7FA-96F6-42B8-B03C-E508DC80EC3A}.Debug|Any CPU.ActiveCfg = Debug|Any CPU
		{D3AFF7FA-96F6-42B8-B03C-E508DC80EC3A}.Debug|Any CPU.Build.0 = Debug|Any CPU
		{D3AFF7FA-96F6-42B8-B03C-E508DC80EC3A}.Release|Any CPU.ActiveCfg = Release|Any CPU
		{D3AFF7FA-96F6-42B8-B03C-E508DC80EC3A}.Release|Any CPU.Build.0 = Release|Any CPU
		{15DE79E5-6E1F-4810-A112-13774C7F4B41}.Debug|Any CPU.ActiveCfg = Debug|Any CPU
		{15DE79E5-6E1F-4810-A112-13774C7F4B41}.Debug|Any CPU.Build.0 = Debug|Any CPU
		{15DE79E5-6E1F-4810-A112-13774C7F4B41}.Release|Any CPU.ActiveCfg = Release|Any CPU
		{15DE79E5-6E1F-4810-A112-13774C7F4B41}.Release|Any CPU.Build.0 = Release|Any CPU
		{80F5DF93-19A2-4731-8CD1-982F165D7361}.Debug|Any CPU.ActiveCfg = Debug|Any CPU
		{80F5DF93-19A2-4731-8CD1-982F165D7361}.Debug|Any CPU.Build.0 = Debug|Any CPU
		{80F5DF93-19A2-4731-8CD1-982F165D7361}.Release|Any CPU.ActiveCfg = Release|Any CPU
		{80F5DF93-19A2-4731-8CD1-982F165D7361}.Release|Any CPU.Build.0 = Release|Any CPU
		{699816A7-6668-46BF-97F4-0D7374025180}.Debug|Any CPU.ActiveCfg = Debug|Any CPU
		{699816A7-6668-46BF-97F4-0D7374025180}.Debug|Any CPU.Build.0 = Debug|Any CPU
		{699816A7-6668-46BF-97F4-0D7374025180}.Release|Any CPU.ActiveCfg = Release|Any CPU
		{699816A7-6668-46BF-97F4-0D7374025180}.Release|Any CPU.Build.0 = Release|Any CPU
		{0DC448D5-19C9-48DF-AF74-F2349D08AB22}.Debug|Any CPU.ActiveCfg = Debug|Any CPU
		{0DC448D5-19C9-48DF-AF74-F2349D08AB22}.Debug|Any CPU.Build.0 = Debug|Any CPU
		{0DC448D5-19C9-48DF-AF74-F2349D08AB22}.Release|Any CPU.ActiveCfg = Release|Any CPU
		{0DC448D5-19C9-48DF-AF74-F2349D08AB22}.Release|Any CPU.Build.0 = Release|Any CPU
		{C71AC29C-1645-4A21-A4D2-FC9E10544485}.Debug|Any CPU.ActiveCfg = Debug|Any CPU
		{C71AC29C-1645-4A21-A4D2-FC9E10544485}.Debug|Any CPU.Build.0 = Debug|Any CPU
		{C71AC29C-1645-4A21-A4D2-FC9E10544485}.Release|Any CPU.ActiveCfg = Release|Any CPU
		{C71AC29C-1645-4A21-A4D2-FC9E10544485}.Release|Any CPU.Build.0 = Release|Any CPU
		{6AD17CF4-EC08-4EE6-98CC-2818FD9B10A2}.Debug|Any CPU.ActiveCfg = Debug|Any CPU
		{6AD17CF4-EC08-4EE6-98CC-2818FD9B10A2}.Debug|Any CPU.Build.0 = Debug|Any CPU
		{6AD17CF4-EC08-4EE6-98CC-2818FD9B10A2}.Release|Any CPU.ActiveCfg = Release|Any CPU
		{6AD17CF4-EC08-4EE6-98CC-2818FD9B10A2}.Release|Any CPU.Build.0 = Release|Any CPU
	EndGlobalSection
	GlobalSection(SolutionProperties) = preSolution
		HideSolutionNode = FALSE
	EndGlobalSection
	GlobalSection(ExtensibilityGlobals) = postSolution
		SolutionGuid = {07D4B73A-EB1A-4DB4-B34C-4385BB6C6862}
	EndGlobalSection
EndGlobal
